<?xml version="1.0" encoding="utf-8"?>
<Project ToolsVersion="4.0" xmlns="http://schemas.microsoft.com/developer/msbuild/2003">
  <ItemGroup>
    <Filter Include="Source files">
      <UniqueIdentifier>{90de7de5-9336-4f5a-ae5c-639f99c36d05}</UniqueIdentifier>
      <Extensions>cpp;c;cc;cxx;def;odl;idl;hpj;bat;asm;asmx</Extensions>
    </Filter>
    <Filter Include="Header files">
      <UniqueIdentifier>{13124da2-7ec9-46b0-82ed-a5340688188b}</UniqueIdentifier>
      <Extensions>h;hpp;hxx;hm;inl;inc;xsd</Extensions>
    </Filter>
    <Filter Include="Resource files">
      <UniqueIdentifier>{f6dbaeb9-3d2c-4bf6-b912-6aca551f9140}</UniqueIdentifier>
      <Extensions>rc;ico;cur;bmp;dlg;rc2;rct;bin;rgs;gif;jpg;jpeg;jpe;resx;tiff;tif;png;wav</Extensions>
    </Filter>
    <Filter Include="Make files">
      <UniqueIdentifier>{38dd1617-259e-442c-b8e3-b92fdec8eb97}</UniqueIdentifier>
    </Filter>
    <Filter Include="VisualGDB settings">
      <UniqueIdentifier>{3f2a7d36-16ab-4506-a479-4c516e5ff96e}</UniqueIdentifier>
    </Filter>
  </ItemGroup>
  <ItemGroup>
    <None Include="..\..\debug.mak">
      <Filter>Make files</Filter>
    </None>
    <None Include="..\..\release.mak">
      <Filter>Make files</Filter>
    </None>
    <None Include="sish-Debug.vgdbsettings">
      <Filter>VisualGDB settings</Filter>
    </None>
    <None Include="sish-Release.vgdbsettings">
      <Filter>VisualGDB settings</Filter>
    </None>
  </ItemGroup>
  <ItemGroup>
    <None Include="..\..\Makefile" />
  </ItemGroup>
  <ItemGroup>
    <ClCompile Include="..\..\sish.c">
      <Filter>Source files</Filter>
    </ClCompile>
    <ClCompile Include="..\..\main.c">
      <Filter>Source files</Filter>
    </ClCompile>
    <ClCompile Include="..\..\config.c">
      <Filter>Source files</Filter>
    </ClCompile>
    <ClCompile Include="..\..\process.c">
      <Filter>Source files</Filter>
    </ClCompile>
    <ClCompile Include="..\..\util.c">
      <Filter>Source files</Filter>
    </ClCompile>
    <ClCompile Include="..\..\job.c">
      <Filter>Source files</Filter>
    </ClCompile>
    <ClCompile Include="..\..\parser.c">
      <Filter>Source files</Filter>
    </ClCompile>
  </ItemGroup>
  <ItemGroup>
    <ClInclude Include="..\..\sish.h">
      <Filter>Header files</Filter>
    </ClInclude>
    <ClInclude Include="..\..\config.h">
      <Filter>Header files</Filter>
    </ClInclude>
    <ClInclude Include="..\..\process.h">
      <Filter>Header files</Filter>
    </ClInclude>
    <ClInclude Include="..\..\util.h">
      <Filter>Header files</Filter>
    </ClInclude>
    <ClInclude Include="..\..\job.h">
      <Filter>Header files</Filter>
    </ClInclude>
    <ClInclude Include="..\..\parser.h">
      <Filter>Header files</Filter>
    </ClInclude>
  </ItemGroup>
</Project>