
Microsoft Visual Studio Solution File, Format Version 12.00
# Visual Studio 15
VisualStudioVersion = 15.0.28010.2048
MinimumVisualStudioVersion = 10.0.40219.1
Project("{8BC9CEB8-8B4A-11D0-8D11-00A0C91BC942}") = "WebServer", "WebServer\WebServer.vcxproj", "{C0B50827-727E-43EA-BB23-9EF37EADE50C}"
EndProject
Global
	GlobalSection(SolutionConfigurationPlatforms) = preSolution
		Debug|VisualGDB = Debug|VisualGDB
		Release|VisualGDB = Release|VisualGDB
	EndGlobalSection
	GlobalSection(ProjectConfigurationPlatforms) = postSolution
		{C0B50827-727E-43EA-BB23-9EF37EADE50C}.Debug|VisualGDB.ActiveCfg = Debug|VisualGDB
		{C0B50827-727E-43EA-BB23-9EF37EADE50C}.Debug|VisualGDB.Build.0 = Debug|VisualGDB
		{C0B50827-727E-43EA-BB23-9EF37EADE50C}.Release|VisualGDB.ActiveCfg = Release|VisualGDB
		{C0B50827-727E-43EA-BB23-9EF37EADE50C}.Release|VisualGDB.Build.0 = Release|VisualGDB
	EndGlobalSection
	GlobalSection(SolutionProperties) = preSolution
		HideSolutionNode = FALSE
	EndGlobalSection
	GlobalSection(ExtensibilityGlobals) = postSolution
		SolutionGuid = {FAB5FF8B-18C8-4AD1-BE30-47AC3CDE2B34}
	EndGlobalSection
EndGlobal
